
Microsoft Visual Studio Solution File, Format Version 12.00
# Visual Studio Version 17
VisualStudioVersion = 17.0.31903.59
MinimumVisualStudioVersion = 10.0.40219.1
Project("{2150E333-8FDC-42A3-9474-1A3956D46DE8}") = "src", "src", "{5A5E1620-5CF2-4603-ACFF-AB4F6F3C9C0C}"
EndProject
Project("{9A19103F-16F7-4668-BE54-9A1E7A4F7556}") = "Server", "src\Server\Server.csproj", "{7C703CBE-EC0A-43BE-B118-46AC8560D809}"
EndProject
Project("{9A19103F-16F7-4668-BE54-9A1E7A4F7556}") = "Client", "src\Client\Client.csproj", "{887A58AD-0F87-4B16-BF78-2CEDD77B83BE}"
EndProject
Project("{9A19103F-16F7-4668-BE54-9A1E7A4F7556}") = "Domain", "src\Domain\Domain.csproj", "{2F2BC6C0-6761-4559-95F8-E9EF840F4EA7}"
EndProject
Project("{9A19103F-16F7-4668-BE54-9A1E7A4F7556}") = "Services", "src\Services\Services.csproj", "{1160D874-7515-4AC9-82F4-DCB213FBEC60}"
EndProject
Project("{9A19103F-16F7-4668-BE54-9A1E7A4F7556}") = "Shared", "src\Shared\Shared.csproj", "{351E755D-CCD7-4B34-93B7-EF79AAE77415}"
EndProject
Project("{9A19103F-16F7-4668-BE54-9A1E7A4F7556}") = "Persistence", "src\Persistence\Persistence.csproj", "{F6DBFAEC-FDAA-4946-8731-F9D74C2C42DD}"
EndProject
Global
	GlobalSection(SolutionConfigurationPlatforms) = preSolution
		Debug|Any CPU = Debug|Any CPU
		Debug|x64 = Debug|x64
		Debug|x86 = Debug|x86
		Release|Any CPU = Release|Any CPU
		Release|x64 = Release|x64
		Release|x86 = Release|x86
	EndGlobalSection
	GlobalSection(ProjectConfigurationPlatforms) = postSolution
		{7C703CBE-EC0A-43BE-B118-46AC8560D809}.Debug|Any CPU.ActiveCfg = Debug|Any CPU
		{7C703CBE-EC0A-43BE-B118-46AC8560D809}.Debug|Any CPU.Build.0 = Debug|Any CPU
		{7C703CBE-EC0A-43BE-B118-46AC8560D809}.Debug|x64.ActiveCfg = Debug|Any CPU
		{7C703CBE-EC0A-43BE-B118-46AC8560D809}.Debug|x64.Build.0 = Debug|Any CPU
		{7C703CBE-EC0A-43BE-B118-46AC8560D809}.Debug|x86.ActiveCfg = Debug|Any CPU
		{7C703CBE-EC0A-43BE-B118-46AC8560D809}.Debug|x86.Build.0 = Debug|Any CPU
		{7C703CBE-EC0A-43BE-B118-46AC8560D809}.Release|Any CPU.ActiveCfg = Release|Any CPU
		{7C703CBE-EC0A-43BE-B118-46AC8560D809}.Release|Any CPU.Build.0 = Release|Any CPU
		{7C703CBE-EC0A-43BE-B118-46AC8560D809}.Release|x64.ActiveCfg = Release|Any CPU
		{7C703CBE-EC0A-43BE-B118-46AC8560D809}.Release|x64.Build.0 = Release|Any CPU
		{7C703CBE-EC0A-43BE-B118-46AC8560D809}.Release|x86.ActiveCfg = Release|Any CPU
		{7C703CBE-EC0A-43BE-B118-46AC8560D809}.Release|x86.Build.0 = Release|Any CPU
		{887A58AD-0F87-4B16-BF78-2CEDD77B83BE}.Debug|Any CPU.ActiveCfg = Debug|Any CPU
		{887A58AD-0F87-4B16-BF78-2CEDD77B83BE}.Debug|Any CPU.Build.0 = Debug|Any CPU
		{887A58AD-0F87-4B16-BF78-2CEDD77B83BE}.Debug|x64.ActiveCfg = Debug|Any CPU
		{887A58AD-0F87-4B16-BF78-2CEDD77B83BE}.Debug|x64.Build.0 = Debug|Any CPU
		{887A58AD-0F87-4B16-BF78-2CEDD77B83BE}.Debug|x86.ActiveCfg = Debug|Any CPU
		{887A58AD-0F87-4B16-BF78-2CEDD77B83BE}.Debug|x86.Build.0 = Debug|Any CPU
		{887A58AD-0F87-4B16-BF78-2CEDD77B83BE}.Release|Any CPU.ActiveCfg = Release|Any CPU
		{887A58AD-0F87-4B16-BF78-2CEDD77B83BE}.Release|Any CPU.Build.0 = Release|Any CPU
		{887A58AD-0F87-4B16-BF78-2CEDD77B83BE}.Release|x64.ActiveCfg = Release|Any CPU
		{887A58AD-0F87-4B16-BF78-2CEDD77B83BE}.Release|x64.Build.0 = Release|Any CPU
		{887A58AD-0F87-4B16-BF78-2CEDD77B83BE}.Release|x86.ActiveCfg = Release|Any CPU
		{887A58AD-0F87-4B16-BF78-2CEDD77B83BE}.Release|x86.Build.0 = Release|Any CPU
		{2F2BC6C0-6761-4559-95F8-E9EF840F4EA7}.Debug|Any CPU.ActiveCfg = Debug|Any CPU
		{2F2BC6C0-6761-4559-95F8-E9EF840F4EA7}.Debug|Any CPU.Build.0 = Debug|Any CPU
		{2F2BC6C0-6761-4559-95F8-E9EF840F4EA7}.Debug|x64.ActiveCfg = Debug|Any CPU
		{2F2BC6C0-6761-4559-95F8-E9EF840F4EA7}.Debug|x64.Build.0 = Debug|Any CPU
		{2F2BC6C0-6761-4559-95F8-E9EF840F4EA7}.Debug|x86.ActiveCfg = Debug|Any CPU
		{2F2BC6C0-6761-4559-95F8-E9EF840F4EA7}.Debug|x86.Build.0 = Debug|Any CPU
		{2F2BC6C0-6761-4559-95F8-E9EF840F4EA7}.Release|Any CPU.ActiveCfg = Release|Any CPU
		{2F2BC6C0-6761-4559-95F8-E9EF840F4EA7}.Release|Any CPU.Build.0 = Release|Any CPU
		{2F2BC6C0-6761-4559-95F8-E9EF840F4EA7}.Release|x64.ActiveCfg = Release|Any CPU
		{2F2BC6C0-6761-4559-95F8-E9EF840F4EA7}.Release|x64.Build.0 = Release|Any CPU
		{2F2BC6C0-6761-4559-95F8-E9EF840F4EA7}.Release|x86.ActiveCfg = Release|Any CPU
		{2F2BC6C0-6761-4559-95F8-E9EF840F4EA7}.Release|x86.Build.0 = Release|Any CPU
		{1160D874-7515-4AC9-82F4-DCB213FBEC60}.Debug|Any CPU.ActiveCfg = Debug|Any CPU
		{1160D874-7515-4AC9-82F4-DCB213FBEC60}.Debug|Any CPU.Build.0 = Debug|Any CPU
		{1160D874-7515-4AC9-82F4-DCB213FBEC60}.Debug|x64.ActiveCfg = Debug|Any CPU
		{1160D874-7515-4AC9-82F4-DCB213FBEC60}.Debug|x64.Build.0 = Debug|Any CPU
		{1160D874-7515-4AC9-82F4-DCB213FBEC60}.Debug|x86.ActiveCfg = Debug|Any CPU
		{1160D874-7515-4AC9-82F4-DCB213FBEC60}.Debug|x86.Build.0 = Debug|Any CPU
		{1160D874-7515-4AC9-82F4-DCB213FBEC60}.Release|Any CPU.ActiveCfg = Release|Any CPU
		{1160D874-7515-4AC9-82F4-DCB213FBEC60}.Release|Any CPU.Build.0 = Release|Any CPU
		{1160D874-7515-4AC9-82F4-DCB213FBEC60}.Release|x64.ActiveCfg = Release|Any CPU
		{1160D874-7515-4AC9-82F4-DCB213FBEC60}.Release|x64.Build.0 = Release|Any CPU
		{1160D874-7515-4AC9-82F4-DCB213FBEC60}.Release|x86.ActiveCfg = Release|Any CPU
		{1160D874-7515-4AC9-82F4-DCB213FBEC60}.Release|x86.Build.0 = Release|Any CPU
		{351E755D-CCD7-4B34-93B7-EF79AAE77415}.Debug|Any CPU.ActiveCfg = Debug|Any CPU
		{351E755D-CCD7-4B34-93B7-EF79AAE77415}.Debug|Any CPU.Build.0 = Debug|Any CPU
		{351E755D-CCD7-4B34-93B7-EF79AAE77415}.Debug|x64.ActiveCfg = Debug|Any CPU
		{351E755D-CCD7-4B34-93B7-EF79AAE77415}.Debug|x64.Build.0 = Debug|Any CPU
		{351E755D-CCD7-4B34-93B7-EF79AAE77415}.Debug|x86.ActiveCfg = Debug|Any CPU
		{351E755D-CCD7-4B34-93B7-EF79AAE77415}.Debug|x86.Build.0 = Debug|Any CPU
		{351E755D-CCD7-4B34-93B7-EF79AAE77415}.Release|Any CPU.ActiveCfg = Release|Any CPU
		{351E755D-CCD7-4B34-93B7-EF79AAE77415}.Release|Any CPU.Build.0 = Release|Any CPU
		{351E755D-CCD7-4B34-93B7-EF79AAE77415}.Release|x64.ActiveCfg = Release|Any CPU
		{351E755D-CCD7-4B34-93B7-EF79AAE77415}.Release|x64.Build.0 = Release|Any CPU
		{351E755D-CCD7-4B34-93B7-EF79AAE77415}.Release|x86.ActiveCfg = Release|Any CPU
		{351E755D-CCD7-4B34-93B7-EF79AAE77415}.Release|x86.Build.0 = Release|Any CPU
		{F6DBFAEC-FDAA-4946-8731-F9D74C2C42DD}.Debug|Any CPU.ActiveCfg = Debug|Any CPU
		{F6DBFAEC-FDAA-4946-8731-F9D74C2C42DD}.Debug|Any CPU.Build.0 = Debug|Any CPU
		{F6DBFAEC-FDAA-4946-8731-F9D74C2C42DD}.Debug|x64.ActiveCfg = Debug|Any CPU
		{F6DBFAEC-FDAA-4946-8731-F9D74C2C42DD}.Debug|x64.Build.0 = Debug|Any CPU
		{F6DBFAEC-FDAA-4946-8731-F9D74C2C42DD}.Debug|x86.ActiveCfg = Debug|Any CPU
		{F6DBFAEC-FDAA-4946-8731-F9D74C2C42DD}.Debug|x86.Build.0 = Debug|Any CPU
		{F6DBFAEC-FDAA-4946-8731-F9D74C2C42DD}.Release|Any CPU.ActiveCfg = Release|Any CPU
		{F6DBFAEC-FDAA-4946-8731-F9D74C2C42DD}.Release|Any CPU.Build.0 = Release|Any CPU
		{F6DBFAEC-FDAA-4946-8731-F9D74C2C42DD}.Release|x64.ActiveCfg = Release|Any CPU
		{F6DBFAEC-FDAA-4946-8731-F9D74C2C42DD}.Release|x64.Build.0 = Release|Any CPU
		{F6DBFAEC-FDAA-4946-8731-F9D74C2C42DD}.Release|x86.ActiveCfg = Release|Any CPU
		{F6DBFAEC-FDAA-4946-8731-F9D74C2C42DD}.Release|x86.Build.0 = Release|Any CPU
	EndGlobalSection
	GlobalSection(SolutionProperties) = preSolution
		HideSolutionNode = FALSE
	EndGlobalSection
	GlobalSection(NestedProjects) = preSolution
		{7C703CBE-EC0A-43BE-B118-46AC8560D809} = {5A5E1620-5CF2-4603-ACFF-AB4F6F3C9C0C}
		{887A58AD-0F87-4B16-BF78-2CEDD77B83BE} = {5A5E1620-5CF2-4603-ACFF-AB4F6F3C9C0C}
		{2F2BC6C0-6761-4559-95F8-E9EF840F4EA7} = {5A5E1620-5CF2-4603-ACFF-AB4F6F3C9C0C}
		{1160D874-7515-4AC9-82F4-DCB213FBEC60} = {5A5E1620-5CF2-4603-ACFF-AB4F6F3C9C0C}
		{351E755D-CCD7-4B34-93B7-EF79AAE77415} = {5A5E1620-5CF2-4603-ACFF-AB4F6F3C9C0C}
		{F6DBFAEC-FDAA-4946-8731-F9D74C2C42DD} = {5A5E1620-5CF2-4603-ACFF-AB4F6F3C9C0C}
	EndGlobalSection
	GlobalSection(ExtensibilityGlobals) = postSolution
		SolutionGuid = {52653161-7915-413B-83F8-0132E03C5815}
	EndGlobalSection
EndGlobal
